
Microsoft Visual Studio Solution File, Format Version 12.00
Project("{FAE04EC0-301F-11D3-BF4B-00C04F79EFBC}") = "ModRimWorldFactionalWar", "ModRimWorldFactionalWar.csproj", "{F06AB588-7206-482F-8FB9-5EAD7DAFAE2D}"
EndProject
Global
	GlobalSection(SolutionConfigurationPlatforms) = preSolution
		Debug|Any CPU = Debug|Any CPU
		Release|Any CPU = Release|Any CPU
	EndGlobalSection
	GlobalSection(ProjectConfigurationPlatforms) = postSolution
		{F06AB588-7206-482F-8FB9-5EAD7DAFAE2D}.Debug|Any CPU.ActiveCfg = Debug|Any CPU
		{F06AB588-7206-482F-8FB9-5EAD7DAFAE2D}.Debug|Any CPU.Build.0 = Debug|Any CPU
		{F06AB588-7206-482F-8FB9-5EAD7DAFAE2D}.Release|Any CPU.ActiveCfg = Release|Any CPU
		{F06AB588-7206-482F-8FB9-5EAD7DAFAE2D}.Release|Any CPU.Build.0 = Release|Any CPU
	EndGlobalSection
EndGlobal
